
Microsoft Visual Studio Solution File, Format Version 12.00
# Visual Studio Version 16
VisualStudioVersion = 16.0.31911.196
MinimumVisualStudioVersion = 10.0.40219.1
Project("{2150E333-8FDC-42A3-9474-1A3956D46DE8}") = "Project", "Project", "{15BC38F2-1F25-4454-83E1-360335A34E36}"
EndProject
Project("{2150E333-8FDC-42A3-9474-1A3956D46DE8}") = "Feature", "Feature", "{BCB97796-B4E0-4C8E-98C3-3AFA222D7172}"
EndProject
Project("{2150E333-8FDC-42A3-9474-1A3956D46DE8}") = "Foundation", "Foundation", "{47C91D62-D090-46AA-8906-9CB26851047E}"
EndProject
Project("{2150E333-8FDC-42A3-9474-1A3956D46DE8}") = "Configuration", "Configuration", "{F6D7CA97-FE73-4756-B4B4-F76B48463B5E}"
EndProject
Project("{2150E333-8FDC-42A3-9474-1A3956D46DE8}") = "Navigation", "Navigation", "{FB139A3D-BEE9-4255-BEEF-B28AF6E0C242}"
EndProject
Project("{2150E333-8FDC-42A3-9474-1A3956D46DE8}") = "Website", "Website", "{64ACABB6-EAD2-4C97-9725-B353B7730CA6}"
EndProject
Project("{FAE04EC0-301F-11D3-BF4B-00C04F79EFBC}") = "Coffee.Foundation.Configuration", "src\Foundation\Configuration\code\Coffee.Foundation.Configuration.csproj", "{295BBED1-1997-4FA6-A281-773A7803BC0C}"
EndProject
Project("{FAE04EC0-301F-11D3-BF4B-00C04F79EFBC}") = "Coffee.Project.Website", "src\Project\Website\code\Coffee.Project.Website.csproj", "{66DDE9DC-8A6D-4ADF-9FFE-23F99E916EC5}"
EndProject
Project("{FAE04EC0-301F-11D3-BF4B-00C04F79EFBC}") = "Coffee.Feature.Navigation", "src\Feature\Navigation\code\Coffee.Feature.Navigation.csproj", "{63D0EC42-9906-458B-84BD-85E87AFB8BC4}"
EndProject
Project("{2150E333-8FDC-42A3-9474-1A3956D46DE8}") = "GlassMapper", "GlassMapper", "{63131B6D-1700-48FC-9DA4-0B018C5302B4}"
EndProject
Project("{FAE04EC0-301F-11D3-BF4B-00C04F79EFBC}") = "Coffee.Foundation.GlassMapper", "src\Foundation\GlassMapper\code\Coffee.Foundation.GlassMapper.csproj", "{17B7C410-51EA-4927-8D7D-2FAFEAAF1A2C}"
EndProject
Project("{2150E333-8FDC-42A3-9474-1A3956D46DE8}") = "Header", "Header", "{997771F7-3D5B-4102-AA1A-2D60C26CD059}"
EndProject
Project("{FAE04EC0-301F-11D3-BF4B-00C04F79EFBC}") = "Coffee.Feature.Header", "src\Feature\Header\code\Coffee.Feature.Header.csproj", "{7903684F-3CFC-41F6-AF65-684770EFF74F}"
EndProject
Project("{2150E333-8FDC-42A3-9474-1A3956D46DE8}") = "Carousel", "Carousel", "{CE786C4D-40F3-46CA-ABEB-4D4DA8A7EF36}"
EndProject
Project("{FAE04EC0-301F-11D3-BF4B-00C04F79EFBC}") = "Coffee.Feature.Carousel", "src\Feature\Carousel\code\Coffee.Feature.Carousel.csproj", "{97F659FA-B9FE-4308-B248-32A5BF558C6C}"
EndProject
Project("{2150E333-8FDC-42A3-9474-1A3956D46DE8}") = "PageContent", "PageContent", "{4A5AE9AE-3E6E-401B-9D52-945F1C774F45}"
EndProject
Project("{FAE04EC0-301F-11D3-BF4B-00C04F79EFBC}") = "Coffee.Feature.PageContent", "src\Feature\PageContent\code\Coffee.Feature.PageContent.csproj", "{FBE3ED06-E9EE-4EFB-8674-3CA08AA52630}"
EndProject
Global
	GlobalSection(SolutionConfigurationPlatforms) = preSolution
		Debug|Any CPU = Debug|Any CPU
		Release|Any CPU = Release|Any CPU
	EndGlobalSection
	GlobalSection(ProjectConfigurationPlatforms) = postSolution
		{295BBED1-1997-4FA6-A281-773A7803BC0C}.Debug|Any CPU.ActiveCfg = Debug|Any CPU
		{295BBED1-1997-4FA6-A281-773A7803BC0C}.Debug|Any CPU.Build.0 = Debug|Any CPU
		{295BBED1-1997-4FA6-A281-773A7803BC0C}.Release|Any CPU.ActiveCfg = Release|Any CPU
		{295BBED1-1997-4FA6-A281-773A7803BC0C}.Release|Any CPU.Build.0 = Release|Any CPU
		{66DDE9DC-8A6D-4ADF-9FFE-23F99E916EC5}.Debug|Any CPU.ActiveCfg = Debug|Any CPU
		{66DDE9DC-8A6D-4ADF-9FFE-23F99E916EC5}.Debug|Any CPU.Build.0 = Debug|Any CPU
		{66DDE9DC-8A6D-4ADF-9FFE-23F99E916EC5}.Release|Any CPU.ActiveCfg = Release|Any CPU
		{66DDE9DC-8A6D-4ADF-9FFE-23F99E916EC5}.Release|Any CPU.Build.0 = Release|Any CPU
		{63D0EC42-9906-458B-84BD-85E87AFB8BC4}.Debug|Any CPU.ActiveCfg = Debug|Any CPU
		{63D0EC42-9906-458B-84BD-85E87AFB8BC4}.Debug|Any CPU.Build.0 = Debug|Any CPU
		{63D0EC42-9906-458B-84BD-85E87AFB8BC4}.Release|Any CPU.ActiveCfg = Release|Any CPU
		{63D0EC42-9906-458B-84BD-85E87AFB8BC4}.Release|Any CPU.Build.0 = Release|Any CPU
		{17B7C410-51EA-4927-8D7D-2FAFEAAF1A2C}.Debug|Any CPU.ActiveCfg = Debug|Any CPU
		{17B7C410-51EA-4927-8D7D-2FAFEAAF1A2C}.Debug|Any CPU.Build.0 = Debug|Any CPU
		{17B7C410-51EA-4927-8D7D-2FAFEAAF1A2C}.Release|Any CPU.ActiveCfg = Release|Any CPU
		{17B7C410-51EA-4927-8D7D-2FAFEAAF1A2C}.Release|Any CPU.Build.0 = Release|Any CPU
		{7903684F-3CFC-41F6-AF65-684770EFF74F}.Debug|Any CPU.ActiveCfg = Debug|Any CPU
		{7903684F-3CFC-41F6-AF65-684770EFF74F}.Debug|Any CPU.Build.0 = Debug|Any CPU
		{7903684F-3CFC-41F6-AF65-684770EFF74F}.Release|Any CPU.ActiveCfg = Release|Any CPU
		{7903684F-3CFC-41F6-AF65-684770EFF74F}.Release|Any CPU.Build.0 = Release|Any CPU
		{97F659FA-B9FE-4308-B248-32A5BF558C6C}.Debug|Any CPU.ActiveCfg = Debug|Any CPU
		{97F659FA-B9FE-4308-B248-32A5BF558C6C}.Debug|Any CPU.Build.0 = Debug|Any CPU
		{97F659FA-B9FE-4308-B248-32A5BF558C6C}.Release|Any CPU.ActiveCfg = Release|Any CPU
		{97F659FA-B9FE-4308-B248-32A5BF558C6C}.Release|Any CPU.Build.0 = Release|Any CPU
		{FBE3ED06-E9EE-4EFB-8674-3CA08AA52630}.Debug|Any CPU.ActiveCfg = Debug|Any CPU
		{FBE3ED06-E9EE-4EFB-8674-3CA08AA52630}.Debug|Any CPU.Build.0 = Debug|Any CPU
		{FBE3ED06-E9EE-4EFB-8674-3CA08AA52630}.Release|Any CPU.ActiveCfg = Release|Any CPU
		{FBE3ED06-E9EE-4EFB-8674-3CA08AA52630}.Release|Any CPU.Build.0 = Release|Any CPU
	EndGlobalSection
	GlobalSection(SolutionProperties) = preSolution
		HideSolutionNode = FALSE
	EndGlobalSection
	GlobalSection(NestedProjects) = preSolution
		{F6D7CA97-FE73-4756-B4B4-F76B48463B5E} = {47C91D62-D090-46AA-8906-9CB26851047E}
		{FB139A3D-BEE9-4255-BEEF-B28AF6E0C242} = {BCB97796-B4E0-4C8E-98C3-3AFA222D7172}
		{64ACABB6-EAD2-4C97-9725-B353B7730CA6} = {15BC38F2-1F25-4454-83E1-360335A34E36}
		{295BBED1-1997-4FA6-A281-773A7803BC0C} = {F6D7CA97-FE73-4756-B4B4-F76B48463B5E}
		{66DDE9DC-8A6D-4ADF-9FFE-23F99E916EC5} = {64ACABB6-EAD2-4C97-9725-B353B7730CA6}
		{63D0EC42-9906-458B-84BD-85E87AFB8BC4} = {FB139A3D-BEE9-4255-BEEF-B28AF6E0C242}
		{63131B6D-1700-48FC-9DA4-0B018C5302B4} = {47C91D62-D090-46AA-8906-9CB26851047E}
		{17B7C410-51EA-4927-8D7D-2FAFEAAF1A2C} = {63131B6D-1700-48FC-9DA4-0B018C5302B4}
		{997771F7-3D5B-4102-AA1A-2D60C26CD059} = {BCB97796-B4E0-4C8E-98C3-3AFA222D7172}
		{7903684F-3CFC-41F6-AF65-684770EFF74F} = {997771F7-3D5B-4102-AA1A-2D60C26CD059}
		{CE786C4D-40F3-46CA-ABEB-4D4DA8A7EF36} = {BCB97796-B4E0-4C8E-98C3-3AFA222D7172}
		{97F659FA-B9FE-4308-B248-32A5BF558C6C} = {CE786C4D-40F3-46CA-ABEB-4D4DA8A7EF36}
		{4A5AE9AE-3E6E-401B-9D52-945F1C774F45} = {BCB97796-B4E0-4C8E-98C3-3AFA222D7172}
		{FBE3ED06-E9EE-4EFB-8674-3CA08AA52630} = {4A5AE9AE-3E6E-401B-9D52-945F1C774F45}
	EndGlobalSection
	GlobalSection(ExtensibilityGlobals) = postSolution
		SolutionGuid = {F6DF20D7-D595-4855-B18A-3B73B5C61362}
	EndGlobalSection
EndGlobal
